
Microsoft Visual Studio Solution File, Format Version 12.00
# Visual Studio 15
VisualStudioVersion = 15.0.27004.2002
MinimumVisualStudioVersion = 10.0.40219.1
Project("{FAE04EC0-301F-11D3-BF4B-00C04F79EFBC}") = "TaskService", "TaskService\TaskService.csproj", "{AE1EC115-AFFA-40F6-A76D-15DD425D478A}"
EndProject
Project("{2150E333-8FDC-42A3-9474-1A3956D46DE8}") = "_Reference", "_Reference", "{C432158C-2DE6-4D74-B3AB-72950DE106FC}"
	ProjectSection(SolutionItems) = preProject
		..\..\..\笔记\我房易项目\MyERPCode\ERP\SourceCode\_Reference\HtmlAgilityPack.dll = ..\..\..\笔记\我房易项目\MyERPCode\ERP\SourceCode\_Reference\HtmlAgilityPack.dll
		..\..\..\笔记\我房易项目\MyERPCode\ERP\SourceCode\_Reference\log4net.dll = ..\..\..\笔记\我房易项目\MyERPCode\ERP\SourceCode\_Reference\log4net.dll
	EndProjectSection
EndProject
Project("{FAE04EC0-301F-11D3-BF4B-00C04F79EFBC}") = "WebApp", "WebApp\WebApp.csproj", "{2EE14A22-E420-4007-B43F-9AB3C6127CC6}"
EndProject
Project("{FAE04EC0-301F-11D3-BF4B-00C04F79EFBC}") = "Application.Service", "Application.Service\Application.Service.csproj", "{8EC8E0B6-843E-412E-9BAD-12688E1EB894}"
EndProject
Project("{2150E333-8FDC-42A3-9474-1A3956D46DE8}") = "Application.Core", "Application.Core", "{87070AA7-27DB-45D4-89F6-AF4797F50A23}"
EndProject
Project("{FAE04EC0-301F-11D3-BF4B-00C04F79EFBC}") = "i.DataAccess", "Application.Core\i.DataAccess\i.DataAccess.csproj", "{7D1A96CF-9B89-443F-AB95-12343F52A1AC}"
EndProject
Project("{FAE04EC0-301F-11D3-BF4B-00C04F79EFBC}") = "i.Repository", "Application.Core\i.Repository\i.Repository.csproj", "{1848EFAD-3F70-4E52-8BD8-E952DC127F4D}"
EndProject
Project("{FAE04EC0-301F-11D3-BF4B-00C04F79EFBC}") = "i.Utilities", "Application.Core\i.Utilities\i.Utilities.csproj", "{7A9E54B1-D54D-4AF2-99E9-06E9BAFF4846}"
EndProject
Project("{FAE04EC0-301F-11D3-BF4B-00C04F79EFBC}") = "Application.Model", "Application.Model\Application.Model.csproj", "{EB32C5AF-E5A1-442B-B765-38F81388C69C}"
EndProject
Project("{FAE04EC0-301F-11D3-BF4B-00C04F79EFBC}") = "TaskManage", "TaskManage\TaskManage.csproj", "{15ED9916-120A-4443-A493-E2D85DC43167}"
EndProject
Project("{FAE04EC0-301F-11D3-BF4B-00C04F79EFBC}") = "WebApi", "WebApi\WebApi.csproj", "{6EE87566-7486-4D62-B9A5-F110ED681906}"
EndProject
Global
	GlobalSection(SolutionConfigurationPlatforms) = preSolution
		Debug|Any CPU = Debug|Any CPU
		Release|Any CPU = Release|Any CPU
	EndGlobalSection
	GlobalSection(ProjectConfigurationPlatforms) = postSolution
		{AE1EC115-AFFA-40F6-A76D-15DD425D478A}.Debug|Any CPU.ActiveCfg = Debug|Any CPU
		{AE1EC115-AFFA-40F6-A76D-15DD425D478A}.Debug|Any CPU.Build.0 = Debug|Any CPU
		{AE1EC115-AFFA-40F6-A76D-15DD425D478A}.Release|Any CPU.ActiveCfg = Release|Any CPU
		{AE1EC115-AFFA-40F6-A76D-15DD425D478A}.Release|Any CPU.Build.0 = Release|Any CPU
		{2EE14A22-E420-4007-B43F-9AB3C6127CC6}.Debug|Any CPU.ActiveCfg = Debug|Any CPU
		{2EE14A22-E420-4007-B43F-9AB3C6127CC6}.Debug|Any CPU.Build.0 = Debug|Any CPU
		{2EE14A22-E420-4007-B43F-9AB3C6127CC6}.Release|Any CPU.ActiveCfg = Release|Any CPU
		{2EE14A22-E420-4007-B43F-9AB3C6127CC6}.Release|Any CPU.Build.0 = Release|Any CPU
		{8EC8E0B6-843E-412E-9BAD-12688E1EB894}.Debug|Any CPU.ActiveCfg = Debug|Any CPU
		{8EC8E0B6-843E-412E-9BAD-12688E1EB894}.Debug|Any CPU.Build.0 = Debug|Any CPU
		{8EC8E0B6-843E-412E-9BAD-12688E1EB894}.Release|Any CPU.ActiveCfg = Release|Any CPU
		{8EC8E0B6-843E-412E-9BAD-12688E1EB894}.Release|Any CPU.Build.0 = Release|Any CPU
		{7D1A96CF-9B89-443F-AB95-12343F52A1AC}.Debug|Any CPU.ActiveCfg = Debug|Any CPU
		{7D1A96CF-9B89-443F-AB95-12343F52A1AC}.Debug|Any CPU.Build.0 = Debug|Any CPU
		{7D1A96CF-9B89-443F-AB95-12343F52A1AC}.Release|Any CPU.ActiveCfg = Release|Any CPU
		{7D1A96CF-9B89-443F-AB95-12343F52A1AC}.Release|Any CPU.Build.0 = Release|Any CPU
		{1848EFAD-3F70-4E52-8BD8-E952DC127F4D}.Debug|Any CPU.ActiveCfg = Debug|Any CPU
		{1848EFAD-3F70-4E52-8BD8-E952DC127F4D}.Debug|Any CPU.Build.0 = Debug|Any CPU
		{1848EFAD-3F70-4E52-8BD8-E952DC127F4D}.Release|Any CPU.ActiveCfg = Release|Any CPU
		{1848EFAD-3F70-4E52-8BD8-E952DC127F4D}.Release|Any CPU.Build.0 = Release|Any CPU
		{7A9E54B1-D54D-4AF2-99E9-06E9BAFF4846}.Debug|Any CPU.ActiveCfg = Debug|Any CPU
		{7A9E54B1-D54D-4AF2-99E9-06E9BAFF4846}.Debug|Any CPU.Build.0 = Debug|Any CPU
		{7A9E54B1-D54D-4AF2-99E9-06E9BAFF4846}.Release|Any CPU.ActiveCfg = Release|Any CPU
		{7A9E54B1-D54D-4AF2-99E9-06E9BAFF4846}.Release|Any CPU.Build.0 = Release|Any CPU
		{EB32C5AF-E5A1-442B-B765-38F81388C69C}.Debug|Any CPU.ActiveCfg = Debug|Any CPU
		{EB32C5AF-E5A1-442B-B765-38F81388C69C}.Debug|Any CPU.Build.0 = Debug|Any CPU
		{EB32C5AF-E5A1-442B-B765-38F81388C69C}.Release|Any CPU.ActiveCfg = Release|Any CPU
		{EB32C5AF-E5A1-442B-B765-38F81388C69C}.Release|Any CPU.Build.0 = Release|Any CPU
		{15ED9916-120A-4443-A493-E2D85DC43167}.Debug|Any CPU.ActiveCfg = Debug|Any CPU
		{15ED9916-120A-4443-A493-E2D85DC43167}.Debug|Any CPU.Build.0 = Debug|Any CPU
		{15ED9916-120A-4443-A493-E2D85DC43167}.Release|Any CPU.ActiveCfg = Release|Any CPU
		{15ED9916-120A-4443-A493-E2D85DC43167}.Release|Any CPU.Build.0 = Release|Any CPU
		{6EE87566-7486-4D62-B9A5-F110ED681906}.Debug|Any CPU.ActiveCfg = Debug|Any CPU
		{6EE87566-7486-4D62-B9A5-F110ED681906}.Debug|Any CPU.Build.0 = Debug|Any CPU
		{6EE87566-7486-4D62-B9A5-F110ED681906}.Release|Any CPU.ActiveCfg = Release|Any CPU
		{6EE87566-7486-4D62-B9A5-F110ED681906}.Release|Any CPU.Build.0 = Release|Any CPU
	EndGlobalSection
	GlobalSection(SolutionProperties) = preSolution
		HideSolutionNode = FALSE
	EndGlobalSection
	GlobalSection(NestedProjects) = preSolution
		{7D1A96CF-9B89-443F-AB95-12343F52A1AC} = {87070AA7-27DB-45D4-89F6-AF4797F50A23}
		{1848EFAD-3F70-4E52-8BD8-E952DC127F4D} = {87070AA7-27DB-45D4-89F6-AF4797F50A23}
		{7A9E54B1-D54D-4AF2-99E9-06E9BAFF4846} = {87070AA7-27DB-45D4-89F6-AF4797F50A23}
	EndGlobalSection
	GlobalSection(ExtensibilityGlobals) = postSolution
		SolutionGuid = {1829E839-927A-458F-B68D-0DAFDC568F31}
	EndGlobalSection
EndGlobal
